
Microsoft Visual Studio Solution File, Format Version 12.00
# Visual Studio Version 17
VisualStudioVersion = 17.3.32804.467
MinimumVisualStudioVersion = 10.0.40219.1
Project("{FAE04EC0-301F-11D3-BF4B-00C04F79EFBC}") = "iAChallenge", "iAChallenge.csproj", "{CF9C7A0E-9737-466C-9181-B5878ED46D8E}"
EndProject
Global
	GlobalSection(SolutionConfigurationPlatforms) = preSolution
		Debug|Any CPU = Debug|Any CPU
		Release|Any CPU = Release|Any CPU
	EndGlobalSection
	GlobalSection(ProjectConfigurationPlatforms) = postSolution
		{CF9C7A0E-9737-466C-9181-B5878ED46D8E}.Debug|Any CPU.ActiveCfg = Debug|Any CPU
		{CF9C7A0E-9737-466C-9181-B5878ED46D8E}.Debug|Any CPU.Build.0 = Debug|Any CPU
		{CF9C7A0E-9737-466C-9181-B5878ED46D8E}.Release|Any CPU.ActiveCfg = Release|Any CPU
		{CF9C7A0E-9737-466C-9181-B5878ED46D8E}.Release|Any CPU.Build.0 = Release|Any CPU
	EndGlobalSection
	GlobalSection(SolutionProperties) = preSolution
		HideSolutionNode = FALSE
	EndGlobalSection
	GlobalSection(ExtensibilityGlobals) = postSolution
		SolutionGuid = {7FBEDE64-BCB5-4636-B323-69425DC7DD9E}
	EndGlobalSection
EndGlobal
